
Microsoft Visual Studio Solution File, Format Version 12.00
# Visual Studio Version 17
VisualStudioVersion = 17.6.33723.286
MinimumVisualStudioVersion = 10.0.40219.1
Project("{54A90642-561A-4BB1-A94E-469ADEE60C69}") = "angularapp", "angularapp\angularapp.esproj", "{164D31C4-C5C5-4C1C-A0E9-A8B68516273A}"
EndProject
Project("{9A19103F-16F7-4668-BE54-9A1E7A4F7556}") = "webapi", "webapi\webapi.csproj", "{EE3C4F49-3AD5-49F5-AC93-4F24BD37E441}"
EndProject
Global
	GlobalSection(SolutionConfigurationPlatforms) = preSolution
		Debug|Any CPU = Debug|Any CPU
		Release|Any CPU = Release|Any CPU
	EndGlobalSection
	GlobalSection(ProjectConfigurationPlatforms) = postSolution
		{164D31C4-C5C5-4C1C-A0E9-A8B68516273A}.Debug|Any CPU.ActiveCfg = Debug|Any CPU
		{164D31C4-C5C5-4C1C-A0E9-A8B68516273A}.Debug|Any CPU.Build.0 = Debug|Any CPU
		{164D31C4-C5C5-4C1C-A0E9-A8B68516273A}.Debug|Any CPU.Deploy.0 = Debug|Any CPU
		{164D31C4-C5C5-4C1C-A0E9-A8B68516273A}.Release|Any CPU.ActiveCfg = Release|Any CPU
		{164D31C4-C5C5-4C1C-A0E9-A8B68516273A}.Release|Any CPU.Build.0 = Release|Any CPU
		{164D31C4-C5C5-4C1C-A0E9-A8B68516273A}.Release|Any CPU.Deploy.0 = Release|Any CPU
		{EE3C4F49-3AD5-49F5-AC93-4F24BD37E441}.Debug|Any CPU.ActiveCfg = Debug|Any CPU
		{EE3C4F49-3AD5-49F5-AC93-4F24BD37E441}.Debug|Any CPU.Build.0 = Debug|Any CPU
		{EE3C4F49-3AD5-49F5-AC93-4F24BD37E441}.Release|Any CPU.ActiveCfg = Release|Any CPU
		{EE3C4F49-3AD5-49F5-AC93-4F24BD37E441}.Release|Any CPU.Build.0 = Release|Any CPU
	EndGlobalSection
	GlobalSection(SolutionProperties) = preSolution
		HideSolutionNode = FALSE
	EndGlobalSection
	GlobalSection(ExtensibilityGlobals) = postSolution
		SolutionGuid = {882B4795-9F25-4F4D-9281-599830979FA9}
	EndGlobalSection
EndGlobal
