
Microsoft Visual Studio Solution File, Format Version 12.00
# Visual Studio Version 17
VisualStudioVersion = 17.6.33723.286
MinimumVisualStudioVersion = 10.0.40219.1
Project("{54A90642-561A-4BB1-A94E-469ADEE60C69}") = "angularapp", "angularapp\angularapp.esproj", "{164D31C4-C5C5-4C1C-A0E9-A8B68516273A}"
EndProject
Project("{9A19103F-16F7-4668-BE54-9A1E7A4F7556}") = "CalculoCDB.API", "webapi\CalculoCDB.API.csproj", "{EE3C4F49-3AD5-49F5-AC93-4F24BD37E441}"
EndProject
Project("{2150E333-8FDC-42A3-9474-1A3956D46DE8}") = "1.0 - Presentation", "1.0 - Presentation", "{8B1623BF-A155-4423-9F33-8742A6E91A5C}"
EndProject
Project("{2150E333-8FDC-42A3-9474-1A3956D46DE8}") = "2.0 - API", "2.0 - API", "{755B1811-0739-4CB2-85BD-E30B9B8F15B2}"
EndProject
Project("{2150E333-8FDC-42A3-9474-1A3956D46DE8}") = "3.0 - Application", "3.0 - Application", "{6DD460F3-AC5D-42B3-908B-D2AD77FC06E8}"
EndProject
Project("{2150E333-8FDC-42A3-9474-1A3956D46DE8}") = "4.0 - Domain", "4.0 - Domain", "{B4C57073-C64B-417E-99AB-2E0C7C59F5EF}"
EndProject
Project("{2150E333-8FDC-42A3-9474-1A3956D46DE8}") = "5.0 - Infrastruture", "5.0 - Infrastruture", "{DBC82D0B-455C-4CFF-A49A-2F2A592B78C2}"
EndProject
Project("{FAE04EC0-301F-11D3-BF4B-00C04F79EFBC}") = "CalculoCDB.Application", "CalculoCDB.Application\CalculoCDB.Application.csproj", "{48230B41-41D9-4BA4-9EBF-2B6AD4579B9A}"
EndProject
Project("{FAE04EC0-301F-11D3-BF4B-00C04F79EFBC}") = "CalculoCDB.Domain", "CalculoCDB.Domain\CalculoCDB.Domain.csproj", "{1A88BC62-39C5-463E-A356-EFE310512CA0}"
EndProject
Project("{FAE04EC0-301F-11D3-BF4B-00C04F79EFBC}") = "CalculoCDB.Infrastruture.Repository", "CalculoCDB.Infrastruture.Repository\CalculoCDB.Infrastruture.Repository.csproj", "{CBDC2BE8-AB30-4816-9DA1-B8347BB69ED2}"
EndProject
Project("{FAE04EC0-301F-11D3-BF4B-00C04F79EFBC}") = "CalculoCDB.Application.DTO", "CalculoCDB.Application.DTO\CalculoCDB.Application.DTO.csproj", "{AD7F1EE3-C168-4AA5-B730-48DDD6A72020}"
EndProject
Global
	GlobalSection(SolutionConfigurationPlatforms) = preSolution
		Debug|Any CPU = Debug|Any CPU
		Release|Any CPU = Release|Any CPU
	EndGlobalSection
	GlobalSection(ProjectConfigurationPlatforms) = postSolution
		{164D31C4-C5C5-4C1C-A0E9-A8B68516273A}.Debug|Any CPU.ActiveCfg = Debug|Any CPU
		{164D31C4-C5C5-4C1C-A0E9-A8B68516273A}.Debug|Any CPU.Build.0 = Debug|Any CPU
		{164D31C4-C5C5-4C1C-A0E9-A8B68516273A}.Debug|Any CPU.Deploy.0 = Debug|Any CPU
		{164D31C4-C5C5-4C1C-A0E9-A8B68516273A}.Release|Any CPU.ActiveCfg = Release|Any CPU
		{164D31C4-C5C5-4C1C-A0E9-A8B68516273A}.Release|Any CPU.Build.0 = Release|Any CPU
		{164D31C4-C5C5-4C1C-A0E9-A8B68516273A}.Release|Any CPU.Deploy.0 = Release|Any CPU
		{EE3C4F49-3AD5-49F5-AC93-4F24BD37E441}.Debug|Any CPU.ActiveCfg = Debug|Any CPU
		{EE3C4F49-3AD5-49F5-AC93-4F24BD37E441}.Debug|Any CPU.Build.0 = Debug|Any CPU
		{EE3C4F49-3AD5-49F5-AC93-4F24BD37E441}.Release|Any CPU.ActiveCfg = Release|Any CPU
		{EE3C4F49-3AD5-49F5-AC93-4F24BD37E441}.Release|Any CPU.Build.0 = Release|Any CPU
		{48230B41-41D9-4BA4-9EBF-2B6AD4579B9A}.Debug|Any CPU.ActiveCfg = Debug|Any CPU
		{48230B41-41D9-4BA4-9EBF-2B6AD4579B9A}.Debug|Any CPU.Build.0 = Debug|Any CPU
		{48230B41-41D9-4BA4-9EBF-2B6AD4579B9A}.Release|Any CPU.ActiveCfg = Release|Any CPU
		{48230B41-41D9-4BA4-9EBF-2B6AD4579B9A}.Release|Any CPU.Build.0 = Release|Any CPU
		{1A88BC62-39C5-463E-A356-EFE310512CA0}.Debug|Any CPU.ActiveCfg = Debug|Any CPU
		{1A88BC62-39C5-463E-A356-EFE310512CA0}.Debug|Any CPU.Build.0 = Debug|Any CPU
		{1A88BC62-39C5-463E-A356-EFE310512CA0}.Release|Any CPU.ActiveCfg = Release|Any CPU
		{1A88BC62-39C5-463E-A356-EFE310512CA0}.Release|Any CPU.Build.0 = Release|Any CPU
		{CBDC2BE8-AB30-4816-9DA1-B8347BB69ED2}.Debug|Any CPU.ActiveCfg = Debug|Any CPU
		{CBDC2BE8-AB30-4816-9DA1-B8347BB69ED2}.Debug|Any CPU.Build.0 = Debug|Any CPU
		{CBDC2BE8-AB30-4816-9DA1-B8347BB69ED2}.Release|Any CPU.ActiveCfg = Release|Any CPU
		{CBDC2BE8-AB30-4816-9DA1-B8347BB69ED2}.Release|Any CPU.Build.0 = Release|Any CPU
		{AD7F1EE3-C168-4AA5-B730-48DDD6A72020}.Debug|Any CPU.ActiveCfg = Debug|Any CPU
		{AD7F1EE3-C168-4AA5-B730-48DDD6A72020}.Debug|Any CPU.Build.0 = Debug|Any CPU
		{AD7F1EE3-C168-4AA5-B730-48DDD6A72020}.Release|Any CPU.ActiveCfg = Release|Any CPU
		{AD7F1EE3-C168-4AA5-B730-48DDD6A72020}.Release|Any CPU.Build.0 = Release|Any CPU
	EndGlobalSection
	GlobalSection(SolutionProperties) = preSolution
		HideSolutionNode = FALSE
	EndGlobalSection
	GlobalSection(NestedProjects) = preSolution
		{164D31C4-C5C5-4C1C-A0E9-A8B68516273A} = {8B1623BF-A155-4423-9F33-8742A6E91A5C}
		{EE3C4F49-3AD5-49F5-AC93-4F24BD37E441} = {755B1811-0739-4CB2-85BD-E30B9B8F15B2}
		{48230B41-41D9-4BA4-9EBF-2B6AD4579B9A} = {6DD460F3-AC5D-42B3-908B-D2AD77FC06E8}
		{1A88BC62-39C5-463E-A356-EFE310512CA0} = {B4C57073-C64B-417E-99AB-2E0C7C59F5EF}
		{CBDC2BE8-AB30-4816-9DA1-B8347BB69ED2} = {DBC82D0B-455C-4CFF-A49A-2F2A592B78C2}
		{AD7F1EE3-C168-4AA5-B730-48DDD6A72020} = {6DD460F3-AC5D-42B3-908B-D2AD77FC06E8}
	EndGlobalSection
	GlobalSection(ExtensibilityGlobals) = postSolution
		SolutionGuid = {882B4795-9F25-4F4D-9281-599830979FA9}
	EndGlobalSection
EndGlobal
